<?xml version="1.0" encoding="utf-8"?>
<Project ToolsVersion="4.0" xmlns="http://schemas.microsoft.com/developer/msbuild/2003">
  <ItemGroup>
    <Filter Include="win32">
      <UniqueIdentifier>{84a8ebd7-7cf0-47f6-b75e-d441df67da40}</UniqueIdentifier>
    </Filter>
    <Filter Include="resource">
      <UniqueIdentifier>{715254bc-d70b-4ec5-bf29-467dd3ace079}</UniqueIdentifier>
    </Filter>
    <Filter Include="win32\src">
      <UniqueIdentifier>{bb6c862e-70e9-49d9-81b7-3829a6f50471}</UniqueIdentifier>
    </Filter>
    <Filter Include="win32\src\Types">
      <UniqueIdentifier>{39cc3f7a-26ee-46cb-bda2-5ac64e890635}</UniqueIdentifier>
    </Filter>
    <Filter Include="win32\src\Views">
      <UniqueIdentifier>{ec05c84c-e8cc-4b96-a6dc-34f3154b2b8e}</UniqueIdentifier>
    </Filter>
    <Filter Include="win32\src\Base">
      <UniqueIdentifier>{90d58bd0-811e-4293-a30a-3ec048687029}</UniqueIdentifier>
    </Filter>
    <Filter Include="win32\src\Helpers">
      <UniqueIdentifier>{4b491b26-e708-470b-aeb0-c54129cce53c}</UniqueIdentifier>
    </Filter>
    <Filter Include="win32\src\Views\Scenes">
      <UniqueIdentifier>{f86814ac-56e8-4c87-b2df-eb1e42267b79}</UniqueIdentifier>
    </Filter>
    <Filter Include="win32\src\Managers">
      <UniqueIdentifier>{89a78461-5da4-4a4c-afac-4b867f136642}</UniqueIdentifier>
    </Filter>
    <Filter Include="win32\src\Managers\Data">
      <UniqueIdentifier>{065de141-ccbf-4aa1-a0b7-e25dacd0da23}</UniqueIdentifier>
    </Filter>
  </ItemGroup>
  <ItemGroup>
    <ClCompile Include="main.cpp">
      <Filter>win32</Filter>
    </ClCompile>
    <ClCompile Include="..\Classes\AppDelegate.cpp">
      <Filter>win32\src</Filter>
    </ClCompile>
    <ClCompile Include="..\Classes\Base\BaseObject.cpp">
      <Filter>win32\src\Base</Filter>
    </ClCompile>
    <ClCompile Include="..\Classes\views\MainMenu.cpp">
      <Filter>win32\src\Views</Filter>
    </ClCompile>
    <ClCompile Include="..\Classes\Views\Scenes\BaseScene.cpp">
      <Filter>win32\src\Views\Scenes</Filter>
    </ClCompile>
    <ClCompile Include="..\Classes\Managers\GameDirector.cpp">
      <Filter>win32\src\Managers</Filter>
    </ClCompile>
    <ClCompile Include="..\Classes\Views\Scenes\HelloWorldScene.cpp">
      <Filter>win32\src\Views\Scenes</Filter>
    </ClCompile>
    <ClCompile Include="..\Classes\Managers\Data\DataManager.cpp">
      <Filter>win32\src\Managers\Data</Filter>
    </ClCompile>
    <ClCompile Include="..\Classes\Managers\Data\EncryptionFileManager.cpp">
      <Filter>win32\src\Managers\Data</Filter>
    </ClCompile>
    <ClCompile Include="..\Classes\Managers\Data\IngameCache.cpp">
      <Filter>win32\src\Managers\Data</Filter>
    </ClCompile>
  </ItemGroup>
  <ItemGroup>
    <ClInclude Include="main.h">
      <Filter>win32</Filter>
    </ClInclude>
    <ClInclude Include="..\Classes\AppDelegate.h">
      <Filter>win32\src</Filter>
    </ClInclude>
    <ClInclude Include="..\Classes\Base\BaseObject.h">
      <Filter>win32\src\Base</Filter>
    </ClInclude>
    <ClInclude Include="..\Classes\views\MainMenu.h">
      <Filter>win32\src\Views</Filter>
    </ClInclude>
    <ClInclude Include="..\Classes\Types\DataTypes.h">
      <Filter>win32\src\Types</Filter>
    </ClInclude>
    <ClInclude Include="..\Classes\Views\Scenes\BaseScene.h">
      <Filter>win32\src\Views\Scenes</Filter>
    </ClInclude>
    <ClInclude Include="..\Classes\Managers\GameDirector.h">
      <Filter>win32\src\Managers</Filter>
    </ClInclude>
    <ClInclude Include="..\Classes\Views\Scenes\HelloWorldScene.h">
      <Filter>win32\src\Views\Scenes</Filter>
    </ClInclude>
    <ClInclude Include="..\Classes\Managers\Data\DataManager.h">
      <Filter>win32\src\Managers\Data</Filter>
    </ClInclude>
    <ClInclude Include="..\Classes\Managers\Data\EncryptionFileManager.h">
      <Filter>win32\src\Managers\Data</Filter>
    </ClInclude>
    <ClInclude Include="..\Classes\Managers\Data\IngameCache.h">
      <Filter>win32\src\Managers\Data</Filter>
    </ClInclude>
  </ItemGroup>
  <ItemGroup>
    <ResourceCompile Include="game.rc">
      <Filter>resource</Filter>
    </ResourceCompile>
  </ItemGroup>
  <ItemGroup>
    <None Include="cpp.hint" />
  </ItemGroup>
</Project>